
Microsoft Visual Studio Solution File, Format Version 12.00
# Visual Studio Version 16
VisualStudioVersion = 16.0.31025.194
MinimumVisualStudioVersion = 10.0.40219.1
Project("{FAE04EC0-301F-11D3-BF4B-00C04F79EFBC}") = "CriadoresCaes", "CriadoresCaes\CriadoresCaes.csproj", "{6410632D-94CD-46AB-B57B-2A20758930A4}"
EndProject
Global
	GlobalSection(SolutionConfigurationPlatforms) = preSolution
		Debug|Any CPU = Debug|Any CPU
		Release|Any CPU = Release|Any CPU
	EndGlobalSection
	GlobalSection(ProjectConfigurationPlatforms) = postSolution
		{6410632D-94CD-46AB-B57B-2A20758930A4}.Debug|Any CPU.ActiveCfg = Debug|Any CPU
		{6410632D-94CD-46AB-B57B-2A20758930A4}.Debug|Any CPU.Build.0 = Debug|Any CPU
		{6410632D-94CD-46AB-B57B-2A20758930A4}.Release|Any CPU.ActiveCfg = Release|Any CPU
		{6410632D-94CD-46AB-B57B-2A20758930A4}.Release|Any CPU.Build.0 = Release|Any CPU
	EndGlobalSection
	GlobalSection(SolutionProperties) = preSolution
		HideSolutionNode = FALSE
	EndGlobalSection
	GlobalSection(ExtensibilityGlobals) = postSolution
		SolutionGuid = {CF22F0D8-DC4C-4469-9596-AB8573F63907}
	EndGlobalSection
EndGlobal
